// !$*UTF8*$!
{
	archiveVersion = 1;
	classes = {
	};
	objectVersion = 50;
	objects = {

/* Begin PBXBuildFile section */
		7A32292921EA728A00BA4165 /* ShotFired.sks in Resources */ = {isa = PBXBuildFile; fileRef = 7A32292821EA728A00BA4165 /* ShotFired.sks */; };
		7A32292C21EAD46D00BA4165 /* TurretFired.sks in Resources */ = {isa = PBXBuildFile; fileRef = 7A32292A21EAD46D00BA4165 /* TurretFired.sks */; };
		7A32292D21EAD46D00BA4165 /* Assets.xcassets in Resources */ = {isa = PBXBuildFile; fileRef = 7A32292B21EAD46D00BA4165 /* Assets.xcassets */; };
		7A32292F21EBD67000BA4165 /* Control.swift in Sources */ = {isa = PBXBuildFile; fileRef = 7A32292E21EBD67000BA4165 /* Control.swift */; };
		7A32293321EC4FE100BA4165 /* PowerupTripleBullet.swift in Sources */ = {isa = PBXBuildFile; fileRef = 7A32293221EC4FE100BA4165 /* PowerupTripleBullet.swift */; };
		7A32293521ED981300BA4165 /* HUD.swift in Sources */ = {isa = PBXBuildFile; fileRef = 7A32293421ED981300BA4165 /* HUD.swift */; };
		7A32293721F3902D00BA4165 /* TankDangerSmoke.sks in Resources */ = {isa = PBXBuildFile; fileRef = 7A32293621F3902D00BA4165 /* TankDangerSmoke.sks */; };
		7A32293921F3DFF200BA4165 /* TankHit.sks in Resources */ = {isa = PBXBuildFile; fileRef = 7A32293821F3DFF200BA4165 /* TankHit.sks */; };
		7A32293B21F3E56D00BA4165 /* EffectsHelper.swift in Sources */ = {isa = PBXBuildFile; fileRef = 7A32293A21F3E56D00BA4165 /* EffectsHelper.swift */; };
		7A32293D21F5093100BA4165 /* TankDefeatedExplosion.sks in Resources */ = {isa = PBXBuildFile; fileRef = 7A32293C21F5093100BA4165 /* TankDefeatedExplosion.sks */; };
		7A32294121F58BF700BA4165 /* Powerup.swift in Sources */ = {isa = PBXBuildFile; fileRef = 7A32294021F58BF700BA4165 /* Powerup.swift */; };
		7A32294621F6ABF300BA4165 /* TripleBullet.swift in Sources */ = {isa = PBXBuildFile; fileRef = 7A32294521F6ABF300BA4165 /* TripleBullet.swift */; };
		7A32294821F6D06700BA4165 /* Background.swift in Sources */ = {isa = PBXBuildFile; fileRef = 7A32294721F6D06700BA4165 /* Background.swift */; };
		7A32294B21F8248400BA4165 /* PowerupSprite.swift in Sources */ = {isa = PBXBuildFile; fileRef = 7A32294A21F8248400BA4165 /* PowerupSprite.swift */; };
		7A32294D21F8295800BA4165 /* PowerupHealthBoost.swift in Sources */ = {isa = PBXBuildFile; fileRef = 7A32294C21F8295800BA4165 /* PowerupHealthBoost.swift */; };
		7A32294F21F8296600BA4165 /* PowerupMoveTurrets.swift in Sources */ = {isa = PBXBuildFile; fileRef = 7A32294E21F8296600BA4165 /* PowerupMoveTurrets.swift */; };
		7A32295121F82BD400BA4165 /* HealthBoost.swift in Sources */ = {isa = PBXBuildFile; fileRef = 7A32295021F82BD400BA4165 /* HealthBoost.swift */; };
		7A32295321F82BE100BA4165 /* MoveTurrets.swift in Sources */ = {isa = PBXBuildFile; fileRef = 7A32295221F82BE100BA4165 /* MoveTurrets.swift */; };
		7A32295521FAC47700BA4165 /* PowerupHit.sks in Resources */ = {isa = PBXBuildFile; fileRef = 7A32295421FAC47600BA4165 /* PowerupHit.sks */; };
		7A32295921FC04CB00BA4165 /* TurretHit.sks in Resources */ = {isa = PBXBuildFile; fileRef = 7A32295821FC04CB00BA4165 /* TurretHit.sks */; };
		7A32295B21FD240E00BA4165 /* DisappearSmoke.sks in Resources */ = {isa = PBXBuildFile; fileRef = 7A32295A21FD240E00BA4165 /* DisappearSmoke.sks */; };
		7A32295E2200021400BA4165 /* Boulder.swift in Sources */ = {isa = PBXBuildFile; fileRef = 7A32295D2200021400BA4165 /* Boulder.swift */; };
		7A3229602202A2D900BA4165 /* WoodStack.swift in Sources */ = {isa = PBXBuildFile; fileRef = 7A32295F2202A2D900BA4165 /* WoodStack.swift */; };
		7A3229642202A32E00BA4165 /* ObstacleSprite.swift in Sources */ = {isa = PBXBuildFile; fileRef = 7A3229632202A32E00BA4165 /* ObstacleSprite.swift */; };
		7A3229662205F76000BA4165 /* FireBall.sks in Resources */ = {isa = PBXBuildFile; fileRef = 7A3229652205F76000BA4165 /* FireBall.sks */; };
		7AA2F54A21E422580002331B /* AppDelegate.swift in Sources */ = {isa = PBXBuildFile; fileRef = 7AA2F54921E422580002331B /* AppDelegate.swift */; };
		7AA2F54C21E422580002331B /* GameScene.sks in Resources */ = {isa = PBXBuildFile; fileRef = 7AA2F54B21E422580002331B /* GameScene.sks */; };
		7AA2F55021E422580002331B /* GameScene.swift in Sources */ = {isa = PBXBuildFile; fileRef = 7AA2F54F21E422580002331B /* GameScene.swift */; };
		7AA2F55221E422580002331B /* GameViewController.swift in Sources */ = {isa = PBXBuildFile; fileRef = 7AA2F55121E422580002331B /* GameViewController.swift */; };
		7AA2F55521E422580002331B /* Main.storyboard in Resources */ = {isa = PBXBuildFile; fileRef = 7AA2F55321E422580002331B /* Main.storyboard */; };
		7AA2F55721E422760002331B /* Assets.xcassets in Resources */ = {isa = PBXBuildFile; fileRef = 7AA2F55621E422760002331B /* Assets.xcassets */; };
		7AA2F55A21E422760002331B /* LaunchScreen.storyboard in Resources */ = {isa = PBXBuildFile; fileRef = 7AA2F55821E422760002331B /* LaunchScreen.storyboard */; };
		7AA2F56521E422770002331B /* BattleTests.swift in Sources */ = {isa = PBXBuildFile; fileRef = 7AA2F56421E422770002331B /* BattleTests.swift */; };
		7AA2F57221E44C170002331B /* MenuScene.swift in Sources */ = {isa = PBXBuildFile; fileRef = 7AA2F57121E44C170002331B /* MenuScene.swift */; };
		7AA2F57421E466D00002331B /* Tank.swift in Sources */ = {isa = PBXBuildFile; fileRef = 7AA2F57321E466D00002331B /* Tank.swift */; };
		7AA2F57721E5231B0002331B /* Direction.swift in Sources */ = {isa = PBXBuildFile; fileRef = 7AA2F57621E5231B0002331B /* Direction.swift */; };
		7AA2F57A21E52D160002331B /* Projectile.swift in Sources */ = {isa = PBXBuildFile; fileRef = 7AA2F57921E52D160002331B /* Projectile.swift */; };
		7AA2F57C21E53B330002331B /* MathHelper.swift in Sources */ = {isa = PBXBuildFile; fileRef = 7AA2F57B21E53B330002331B /* MathHelper.swift */; };
		7AA2F57E21E57F1E0002331B /* TankBuilder.swift in Sources */ = {isa = PBXBuildFile; fileRef = 7AA2F57D21E57F1E0002331B /* TankBuilder.swift */; };
		7AA2F58021E57F4F0002331B /* Types.swift in Sources */ = {isa = PBXBuildFile; fileRef = 7AA2F57F21E57F4F0002331B /* Types.swift */; };
		7AA2F58221E5819C0002331B /* GameDirector.swift in Sources */ = {isa = PBXBuildFile; fileRef = 7AA2F58121E5819C0002331B /* GameDirector.swift */; };
		7AA2F58421E5AFCD0002331B /* Observable.swift in Sources */ = {isa = PBXBuildFile; fileRef = 7AA2F58321E5AFCD0002331B /* Observable.swift */; };
		7AA2F58621E5B01C0002331B /* TankAI.swift in Sources */ = {isa = PBXBuildFile; fileRef = 7AA2F58521E5B01C0002331B /* TankAI.swift */; };
		7AA2F58921E657BB0002331B /* LevelOne.swift in Sources */ = {isa = PBXBuildFile; fileRef = 7AA2F58821E657BB0002331B /* LevelOne.swift */; };
		7AA2F58B21E657D90002331B /* Level.swift in Sources */ = {isa = PBXBuildFile; fileRef = 7AA2F58A21E657D90002331B /* Level.swift */; };
		7AA2F58D21E676770002331B /* Turret.swift in Sources */ = {isa = PBXBuildFile; fileRef = 7AA2F58C21E676770002331B /* Turret.swift */; };
/* End PBXBuildFile section */

/* Begin PBXContainerItemProxy section */
		7AA2F56121E422770002331B /* PBXContainerItemProxy */ = {
			isa = PBXContainerItemProxy;
			containerPortal = 7AA2F53E21E422580002331B /* Project object */;
			proxyType = 1;
			remoteGlobalIDString = 7AA2F54521E422580002331B;
			remoteInfo = Battle;
		};
/* End PBXContainerItemProxy section */

/* Begin PBXFileReference section */
		7A32292821EA728A00BA4165 /* ShotFired.sks */ = {isa = PBXFileReference; lastKnownFileType = file.sks; path = ShotFired.sks; sourceTree = "<group>"; };
		7A32292A21EAD46D00BA4165 /* TurretFired.sks */ = {isa = PBXFileReference; lastKnownFileType = file.sks; path = TurretFired.sks; sourceTree = "<group>"; };
		7A32292B21EAD46D00BA4165 /* Assets.xcassets */ = {isa = PBXFileReference; lastKnownFileType = folder.assetcatalog; path = Assets.xcassets; sourceTree = "<group>"; };
		7A32292E21EBD67000BA4165 /* Control.swift */ = {isa = PBXFileReference; lastKnownFileType = sourcecode.swift; path = Control.swift; sourceTree = "<group>"; };
		7A32293221EC4FE100BA4165 /* PowerupTripleBullet.swift */ = {isa = PBXFileReference; lastKnownFileType = sourcecode.swift; path = PowerupTripleBullet.swift; sourceTree = "<group>"; };
		7A32293421ED981300BA4165 /* HUD.swift */ = {isa = PBXFileReference; lastKnownFileType = sourcecode.swift; path = HUD.swift; sourceTree = "<group>"; };
		7A32293621F3902D00BA4165 /* TankDangerSmoke.sks */ = {isa = PBXFileReference; lastKnownFileType = file.sks; path = TankDangerSmoke.sks; sourceTree = "<group>"; };
		7A32293821F3DFF200BA4165 /* TankHit.sks */ = {isa = PBXFileReference; lastKnownFileType = file.sks; path = TankHit.sks; sourceTree = "<group>"; };
		7A32293A21F3E56D00BA4165 /* EffectsHelper.swift */ = {isa = PBXFileReference; lastKnownFileType = sourcecode.swift; path = EffectsHelper.swift; sourceTree = "<group>"; };
		7A32293C21F5093100BA4165 /* TankDefeatedExplosion.sks */ = {isa = PBXFileReference; lastKnownFileType = file.sks; path = TankDefeatedExplosion.sks; sourceTree = "<group>"; };
		7A32294021F58BF700BA4165 /* Powerup.swift */ = {isa = PBXFileReference; lastKnownFileType = sourcecode.swift; path = Powerup.swift; sourceTree = "<group>"; };
		7A32294521F6ABF300BA4165 /* TripleBullet.swift */ = {isa = PBXFileReference; lastKnownFileType = sourcecode.swift; path = TripleBullet.swift; sourceTree = "<group>"; };
		7A32294721F6D06700BA4165 /* Background.swift */ = {isa = PBXFileReference; lastKnownFileType = sourcecode.swift; path = Background.swift; sourceTree = "<group>"; };
		7A32294A21F8248400BA4165 /* PowerupSprite.swift */ = {isa = PBXFileReference; lastKnownFileType = sourcecode.swift; path = PowerupSprite.swift; sourceTree = "<group>"; };
		7A32294C21F8295800BA4165 /* PowerupHealthBoost.swift */ = {isa = PBXFileReference; lastKnownFileType = sourcecode.swift; path = PowerupHealthBoost.swift; sourceTree = "<group>"; };
		7A32294E21F8296600BA4165 /* PowerupMoveTurrets.swift */ = {isa = PBXFileReference; lastKnownFileType = sourcecode.swift; path = PowerupMoveTurrets.swift; sourceTree = "<group>"; };
		7A32295021F82BD400BA4165 /* HealthBoost.swift */ = {isa = PBXFileReference; lastKnownFileType = sourcecode.swift; path = HealthBoost.swift; sourceTree = "<group>"; };
		7A32295221F82BE100BA4165 /* MoveTurrets.swift */ = {isa = PBXFileReference; lastKnownFileType = sourcecode.swift; path = MoveTurrets.swift; sourceTree = "<group>"; };
		7A32295421FAC47600BA4165 /* PowerupHit.sks */ = {isa = PBXFileReference; lastKnownFileType = file.sks; path = PowerupHit.sks; sourceTree = "<group>"; };
		7A32295821FC04CB00BA4165 /* TurretHit.sks */ = {isa = PBXFileReference; lastKnownFileType = file.sks; path = TurretHit.sks; sourceTree = "<group>"; };
		7A32295A21FD240E00BA4165 /* DisappearSmoke.sks */ = {isa = PBXFileReference; lastKnownFileType = file.sks; path = DisappearSmoke.sks; sourceTree = "<group>"; };
		7A32295D2200021400BA4165 /* Boulder.swift */ = {isa = PBXFileReference; lastKnownFileType = sourcecode.swift; path = Boulder.swift; sourceTree = "<group>"; };
		7A32295F2202A2D900BA4165 /* WoodStack.swift */ = {isa = PBXFileReference; lastKnownFileType = sourcecode.swift; path = WoodStack.swift; sourceTree = "<group>"; };
		7A3229632202A32E00BA4165 /* ObstacleSprite.swift */ = {isa = PBXFileReference; lastKnownFileType = sourcecode.swift; path = ObstacleSprite.swift; sourceTree = "<group>"; };
		7A3229652205F76000BA4165 /* FireBall.sks */ = {isa = PBXFileReference; lastKnownFileType = file.sks; path = FireBall.sks; sourceTree = "<group>"; };
		7AA2F54621E422580002331B /* Battle.app */ = {isa = PBXFileReference; explicitFileType = wrapper.application; includeInIndex = 0; path = Battle.app; sourceTree = BUILT_PRODUCTS_DIR; };
		7AA2F54921E422580002331B /* AppDelegate.swift */ = {isa = PBXFileReference; lastKnownFileType = sourcecode.swift; path = AppDelegate.swift; sourceTree = "<group>"; };
		7AA2F54B21E422580002331B /* GameScene.sks */ = {isa = PBXFileReference; lastKnownFileType = file.sks; path = GameScene.sks; sourceTree = "<group>"; };
		7AA2F54F21E422580002331B /* GameScene.swift */ = {isa = PBXFileReference; lastKnownFileType = sourcecode.swift; path = GameScene.swift; sourceTree = "<group>"; };
		7AA2F55121E422580002331B /* GameViewController.swift */ = {isa = PBXFileReference; lastKnownFileType = sourcecode.swift; path = GameViewController.swift; sourceTree = "<group>"; };
		7AA2F55421E422580002331B /* Base */ = {isa = PBXFileReference; lastKnownFileType = file.storyboard; name = Base; path = Base.lproj/Main.storyboard; sourceTree = "<group>"; };
		7AA2F55621E422760002331B /* Assets.xcassets */ = {isa = PBXFileReference; lastKnownFileType = folder.assetcatalog; path = Assets.xcassets; sourceTree = "<group>"; };
		7AA2F55921E422760002331B /* Base */ = {isa = PBXFileReference; lastKnownFileType = file.storyboard; name = Base; path = Base.lproj/LaunchScreen.storyboard; sourceTree = "<group>"; };
		7AA2F55B21E422760002331B /* Info.plist */ = {isa = PBXFileReference; lastKnownFileType = text.plist.xml; path = Info.plist; sourceTree = "<group>"; };
		7AA2F56021E422770002331B /* BattleTests.xctest */ = {isa = PBXFileReference; explicitFileType = wrapper.cfbundle; includeInIndex = 0; path = BattleTests.xctest; sourceTree = BUILT_PRODUCTS_DIR; };
		7AA2F56421E422770002331B /* BattleTests.swift */ = {isa = PBXFileReference; lastKnownFileType = sourcecode.swift; path = BattleTests.swift; sourceTree = "<group>"; };
		7AA2F56621E422770002331B /* Info.plist */ = {isa = PBXFileReference; lastKnownFileType = text.plist.xml; path = Info.plist; sourceTree = "<group>"; };
		7AA2F57121E44C170002331B /* MenuScene.swift */ = {isa = PBXFileReference; lastKnownFileType = sourcecode.swift; path = MenuScene.swift; sourceTree = "<group>"; };
		7AA2F57321E466D00002331B /* Tank.swift */ = {isa = PBXFileReference; lastKnownFileType = sourcecode.swift; path = Tank.swift; sourceTree = "<group>"; };
		7AA2F57621E5231B0002331B /* Direction.swift */ = {isa = PBXFileReference; lastKnownFileType = sourcecode.swift; path = Direction.swift; sourceTree = "<group>"; };
		7AA2F57921E52D160002331B /* Projectile.swift */ = {isa = PBXFileReference; lastKnownFileType = sourcecode.swift; path = Projectile.swift; sourceTree = "<group>"; };
		7AA2F57B21E53B330002331B /* MathHelper.swift */ = {isa = PBXFileReference; lastKnownFileType = sourcecode.swift; path = MathHelper.swift; sourceTree = "<group>"; };
		7AA2F57D21E57F1E0002331B /* TankBuilder.swift */ = {isa = PBXFileReference; lastKnownFileType = sourcecode.swift; path = TankBuilder.swift; sourceTree = "<group>"; };
		7AA2F57F21E57F4F0002331B /* Types.swift */ = {isa = PBXFileReference; lastKnownFileType = sourcecode.swift; path = Types.swift; sourceTree = "<group>"; };
		7AA2F58121E5819C0002331B /* GameDirector.swift */ = {isa = PBXFileReference; lastKnownFileType = sourcecode.swift; path = GameDirector.swift; sourceTree = "<group>"; };
		7AA2F58321E5AFCD0002331B /* Observable.swift */ = {isa = PBXFileReference; lastKnownFileType = sourcecode.swift; path = Observable.swift; sourceTree = "<group>"; };
		7AA2F58521E5B01C0002331B /* TankAI.swift */ = {isa = PBXFileReference; lastKnownFileType = sourcecode.swift; path = TankAI.swift; sourceTree = "<group>"; };
		7AA2F58821E657BB0002331B /* LevelOne.swift */ = {isa = PBXFileReference; lastKnownFileType = sourcecode.swift; path = LevelOne.swift; sourceTree = "<group>"; };
		7AA2F58A21E657D90002331B /* Level.swift */ = {isa = PBXFileReference; lastKnownFileType = sourcecode.swift; path = Level.swift; sourceTree = "<group>"; };
		7AA2F58C21E676770002331B /* Turret.swift */ = {isa = PBXFileReference; lastKnownFileType = sourcecode.swift; path = Turret.swift; sourceTree = "<group>"; };
/* End PBXFileReference section */

/* Begin PBXFrameworksBuildPhase section */
		7AA2F54321E422580002331B /* Frameworks */ = {
			isa = PBXFrameworksBuildPhase;
			buildActionMask = 2147483647;
			files = (
			);
			runOnlyForDeploymentPostprocessing = 0;
		};
		7AA2F55D21E422770002331B /* Frameworks */ = {
			isa = PBXFrameworksBuildPhase;
			buildActionMask = 2147483647;
			files = (
			);
			runOnlyForDeploymentPostprocessing = 0;
		};
/* End PBXFrameworksBuildPhase section */

/* Begin PBXGroup section */
		7A32292721EA726D00BA4165 /* Resources */ = {
			isa = PBXGroup;
			children = (
				7A32292821EA728A00BA4165 /* ShotFired.sks */,
				7A32292A21EAD46D00BA4165 /* TurretFired.sks */,
				7A32293621F3902D00BA4165 /* TankDangerSmoke.sks */,
				7A32292B21EAD46D00BA4165 /* Assets.xcassets */,
				7A32293821F3DFF200BA4165 /* TankHit.sks */,
				7A32293C21F5093100BA4165 /* TankDefeatedExplosion.sks */,
				7A32295421FAC47600BA4165 /* PowerupHit.sks */,
				7A32295821FC04CB00BA4165 /* TurretHit.sks */,
				7A32295A21FD240E00BA4165 /* DisappearSmoke.sks */,
				7A3229652205F76000BA4165 /* FireBall.sks */,
			);
			path = Resources;
			sourceTree = "<group>";
		};
		7A32294421F6ABE300BA4165 /* Powerups */ = {
			isa = PBXGroup;
			children = (
				7A32294521F6ABF300BA4165 /* TripleBullet.swift */,
				7A32295021F82BD400BA4165 /* HealthBoost.swift */,
				7A32295221F82BE100BA4165 /* MoveTurrets.swift */,
			);
			path = Powerups;
			sourceTree = "<group>";
		};
		7A32294921F8246200BA4165 /* Powerups */ = {
			isa = PBXGroup;
			children = (
				7A32294A21F8248400BA4165 /* PowerupSprite.swift */,
				7A32293221EC4FE100BA4165 /* PowerupTripleBullet.swift */,
				7A32294C21F8295800BA4165 /* PowerupHealthBoost.swift */,
				7A32294E21F8296600BA4165 /* PowerupMoveTurrets.swift */,
			);
			path = Powerups;
			sourceTree = "<group>";
		};
		7A32295C2200012B00BA4165 /* Obstacles */ = {
			isa = PBXGroup;
			children = (
				7A3229632202A32E00BA4165 /* ObstacleSprite.swift */,
				7A32295D2200021400BA4165 /* Boulder.swift */,
				7A32295F2202A2D900BA4165 /* WoodStack.swift */,
			);
			path = Obstacles;
			sourceTree = "<group>";
		};
		7AA2F53D21E422580002331B = {
			isa = PBXGroup;
			children = (
				7AA2F54821E422580002331B /* Battle */,
				7AA2F56321E422770002331B /* BattleTests */,
				7AA2F54721E422580002331B /* Products */,
			);
			sourceTree = "<group>";
		};
		7AA2F54721E422580002331B /* Products */ = {
			isa = PBXGroup;
			children = (
				7AA2F54621E422580002331B /* Battle.app */,
				7AA2F56021E422770002331B /* BattleTests.xctest */,
			);
			name = Products;
			sourceTree = "<group>";
		};
		7AA2F54821E422580002331B /* Battle */ = {
			isa = PBXGroup;
			children = (
				7A32292721EA726D00BA4165 /* Resources */,
				7AA2F58721E6579C0002331B /* Level */,
				7AA2F54921E422580002331B /* AppDelegate.swift */,
				7AA2F57521E522F90002331B /* Model */,
				7AA2F57021E44B780002331B /* Controllers */,
				7AA2F56F21E44B670002331B /* Scenes */,
				7AA2F57821E52CD50002331B /* Nodes */,
				7AA2F55321E422580002331B /* Main.storyboard */,
				7AA2F55621E422760002331B /* Assets.xcassets */,
				7AA2F55821E422760002331B /* LaunchScreen.storyboard */,
				7AA2F55B21E422760002331B /* Info.plist */,
			);
			path = Battle;
			sourceTree = "<group>";
		};
		7AA2F56321E422770002331B /* BattleTests */ = {
			isa = PBXGroup;
			children = (
				7AA2F56421E422770002331B /* BattleTests.swift */,
				7AA2F56621E422770002331B /* Info.plist */,
			);
			path = BattleTests;
			sourceTree = "<group>";
		};
		7AA2F56F21E44B670002331B /* Scenes */ = {
			isa = PBXGroup;
			children = (
				7AA2F54B21E422580002331B /* GameScene.sks */,
				7AA2F54F21E422580002331B /* GameScene.swift */,
				7AA2F57121E44C170002331B /* MenuScene.swift */,
			);
			path = Scenes;
			sourceTree = "<group>";
		};
		7AA2F57021E44B780002331B /* Controllers */ = {
			isa = PBXGroup;
			children = (
				7AA2F55121E422580002331B /* GameViewController.swift */,
			);
			path = Controllers;
			sourceTree = "<group>";
		};
		7AA2F57521E522F90002331B /* Model */ = {
			isa = PBXGroup;
			children = (
				7A32294421F6ABE300BA4165 /* Powerups */,
				7AA2F57621E5231B0002331B /* Direction.swift */,
				7AA2F57F21E57F4F0002331B /* Types.swift */,
				7AA2F57B21E53B330002331B /* MathHelper.swift */,
				7A32293A21F3E56D00BA4165 /* EffectsHelper.swift */,
				7AA2F58121E5819C0002331B /* GameDirector.swift */,
				7AA2F57D21E57F1E0002331B /* TankBuilder.swift */,
				7AA2F58521E5B01C0002331B /* TankAI.swift */,
				7AA2F58321E5AFCD0002331B /* Observable.swift */,
				7A32294021F58BF700BA4165 /* Powerup.swift */,
			);
			path = Model;
			sourceTree = "<group>";
		};
		7AA2F57821E52CD50002331B /* Nodes */ = {
			isa = PBXGroup;
			children = (
				7A32295C2200012B00BA4165 /* Obstacles */,
				7A32294921F8246200BA4165 /* Powerups */,
				7AA2F57321E466D00002331B /* Tank.swift */,
				7AA2F57921E52D160002331B /* Projectile.swift */,
				7AA2F58C21E676770002331B /* Turret.swift */,
				7A32292E21EBD67000BA4165 /* Control.swift */,
				7A32293421ED981300BA4165 /* HUD.swift */,
				7A32294721F6D06700BA4165 /* Background.swift */,
			);
			path = Nodes;
			sourceTree = "<group>";
		};
		7AA2F58721E6579C0002331B /* Level */ = {
			isa = PBXGroup;
			children = (
				7AA2F58A21E657D90002331B /* Level.swift */,
				7AA2F58821E657BB0002331B /* LevelOne.swift */,
			);
			path = Level;
			sourceTree = "<group>";
		};
/* End PBXGroup section */

/* Begin PBXNativeTarget section */
		7AA2F54521E422580002331B /* Battle */ = {
			isa = PBXNativeTarget;
			buildConfigurationList = 7AA2F56921E422770002331B /* Build configuration list for PBXNativeTarget "Battle" */;
			buildPhases = (
				7AA2F54221E422580002331B /* Sources */,
				7AA2F54321E422580002331B /* Frameworks */,
				7AA2F54421E422580002331B /* Resources */,
			);
			buildRules = (
			);
			dependencies = (
			);
			name = Battle;
			productName = Battle;
			productReference = 7AA2F54621E422580002331B /* Battle.app */;
			productType = "com.apple.product-type.application";
		};
		7AA2F55F21E422770002331B /* BattleTests */ = {
			isa = PBXNativeTarget;
			buildConfigurationList = 7AA2F56C21E422770002331B /* Build configuration list for PBXNativeTarget "BattleTests" */;
			buildPhases = (
				7AA2F55C21E422770002331B /* Sources */,
				7AA2F55D21E422770002331B /* Frameworks */,
				7AA2F55E21E422770002331B /* Resources */,
			);
			buildRules = (
			);
			dependencies = (
				7AA2F56221E422770002331B /* PBXTargetDependency */,
			);
			name = BattleTests;
			productName = BattleTests;
			productReference = 7AA2F56021E422770002331B /* BattleTests.xctest */;
			productType = "com.apple.product-type.bundle.unit-test";
		};
/* End PBXNativeTarget section */

/* Begin PBXProject section */
		7AA2F53E21E422580002331B /* Project object */ = {
			isa = PBXProject;
			attributes = {
				LastSwiftUpdateCheck = 1010;
				LastUpgradeCheck = 1010;
				ORGANIZATIONNAME = "Eric Hodgins";
				TargetAttributes = {
					7AA2F54521E422580002331B = {
						CreatedOnToolsVersion = 10.1;
					};
					7AA2F55F21E422770002331B = {
						CreatedOnToolsVersion = 10.1;
						TestTargetID = 7AA2F54521E422580002331B;
					};
				};
			};
			buildConfigurationList = 7AA2F54121E422580002331B /* Build configuration list for PBXProject "Battle" */;
			compatibilityVersion = "Xcode 9.3";
			developmentRegion = en;
			hasScannedForEncodings = 0;
			knownRegions = (
				en,
				Base,
			);
			mainGroup = 7AA2F53D21E422580002331B;
			productRefGroup = 7AA2F54721E422580002331B /* Products */;
			projectDirPath = "";
			projectRoot = "";
			targets = (
				7AA2F54521E422580002331B /* Battle */,
				7AA2F55F21E422770002331B /* BattleTests */,
			);
		};
/* End PBXProject section */

/* Begin PBXResourcesBuildPhase section */
		7AA2F54421E422580002331B /* Resources */ = {
			isa = PBXResourcesBuildPhase;
			buildActionMask = 2147483647;
			files = (
				7A32293721F3902D00BA4165 /* TankDangerSmoke.sks in Resources */,
				7A32293D21F5093100BA4165 /* TankDefeatedExplosion.sks in Resources */,
				7A32292C21EAD46D00BA4165 /* TurretFired.sks in Resources */,
				7AA2F55521E422580002331B /* Main.storyboard in Resources */,
				7A32292921EA728A00BA4165 /* ShotFired.sks in Resources */,
				7AA2F54C21E422580002331B /* GameScene.sks in Resources */,
				7A32292D21EAD46D00BA4165 /* Assets.xcassets in Resources */,
				7A32295921FC04CB00BA4165 /* TurretHit.sks in Resources */,
				7A3229662205F76000BA4165 /* FireBall.sks in Resources */,
				7AA2F55721E422760002331B /* Assets.xcassets in Resources */,
				7A32293921F3DFF200BA4165 /* TankHit.sks in Resources */,
				7A32295B21FD240E00BA4165 /* DisappearSmoke.sks in Resources */,
				7A32295521FAC47700BA4165 /* PowerupHit.sks in Resources */,
				7AA2F55A21E422760002331B /* LaunchScreen.storyboard in Resources */,
			);
			runOnlyForDeploymentPostprocessing = 0;
		};
		7AA2F55E21E422770002331B /* Resources */ = {
			isa = PBXResourcesBuildPhase;
			buildActionMask = 2147483647;
			files = (
			);
			runOnlyForDeploymentPostprocessing = 0;
		};
/* End PBXResourcesBuildPhase section */

/* Begin PBXSourcesBuildPhase section */
		7AA2F54221E422580002331B /* Sources */ = {
			isa = PBXSourcesBuildPhase;
			buildActionMask = 2147483647;
			files = (
				7AA2F58221E5819C0002331B /* GameDirector.swift in Sources */,
				7A3229602202A2D900BA4165 /* WoodStack.swift in Sources */,
				7AA2F55021E422580002331B /* GameScene.swift in Sources */,
				7AA2F57221E44C170002331B /* MenuScene.swift in Sources */,
				7A32293521ED981300BA4165 /* HUD.swift in Sources */,
				7A32295321F82BE100BA4165 /* MoveTurrets.swift in Sources */,
				7AA2F58B21E657D90002331B /* Level.swift in Sources */,
				7A32295E2200021400BA4165 /* Boulder.swift in Sources */,
				7A32295121F82BD400BA4165 /* HealthBoost.swift in Sources */,
				7A32294121F58BF700BA4165 /* Powerup.swift in Sources */,
				7AA2F58921E657BB0002331B /* LevelOne.swift in Sources */,
				7A32294B21F8248400BA4165 /* PowerupSprite.swift in Sources */,
				7AA2F57421E466D00002331B /* Tank.swift in Sources */,
				7AA2F58421E5AFCD0002331B /* Observable.swift in Sources */,
				7AA2F58621E5B01C0002331B /* TankAI.swift in Sources */,
				7A32292F21EBD67000BA4165 /* Control.swift in Sources */,
				7A32294D21F8295800BA4165 /* PowerupHealthBoost.swift in Sources */,
				7A32294F21F8296600BA4165 /* PowerupMoveTurrets.swift in Sources */,
				7A3229642202A32E00BA4165 /* ObstacleSprite.swift in Sources */,
				7AA2F58021E57F4F0002331B /* Types.swift in Sources */,
				7AA2F55221E422580002331B /* GameViewController.swift in Sources */,
				7AA2F57A21E52D160002331B /* Projectile.swift in Sources */,
				7A32294821F6D06700BA4165 /* Background.swift in Sources */,
				7A32293321EC4FE100BA4165 /* PowerupTripleBullet.swift in Sources */,
				7AA2F57C21E53B330002331B /* MathHelper.swift in Sources */,
				7AA2F54A21E422580002331B /* AppDelegate.swift in Sources */,
				7AA2F58D21E676770002331B /* Turret.swift in Sources */,
				7AA2F57721E5231B0002331B /* Direction.swift in Sources */,
				7A32294621F6ABF300BA4165 /* TripleBullet.swift in Sources */,
				7A32293B21F3E56D00BA4165 /* EffectsHelper.swift in Sources */,
				7AA2F57E21E57F1E0002331B /* TankBuilder.swift in Sources */,
			);
			runOnlyForDeploymentPostprocessing = 0;
		};
		7AA2F55C21E422770002331B /* Sources */ = {
			isa = PBXSourcesBuildPhase;
			buildActionMask = 2147483647;
			files = (
				7AA2F56521E422770002331B /* BattleTests.swift in Sources */,
			);
			runOnlyForDeploymentPostprocessing = 0;
		};
/* End PBXSourcesBuildPhase section */

/* Begin PBXTargetDependency section */
		7AA2F56221E422770002331B /* PBXTargetDependency */ = {
			isa = PBXTargetDependency;
			target = 7AA2F54521E422580002331B /* Battle */;
			targetProxy = 7AA2F56121E422770002331B /* PBXContainerItemProxy */;
		};
/* End PBXTargetDependency section */

/* Begin PBXVariantGroup section */
		7AA2F55321E422580002331B /* Main.storyboard */ = {
			isa = PBXVariantGroup;
			children = (
				7AA2F55421E422580002331B /* Base */,
			);
			name = Main.storyboard;
			sourceTree = "<group>";
		};
		7AA2F55821E422760002331B /* LaunchScreen.storyboard */ = {
			isa = PBXVariantGroup;
			children = (
				7AA2F55921E422760002331B /* Base */,
			);
			name = LaunchScreen.storyboard;
			sourceTree = "<group>";
		};
/* End PBXVariantGroup section */

/* Begin XCBuildConfiguration section */
		7AA2F56721E422770002331B /* Debug */ = {
			isa = XCBuildConfiguration;
			buildSettings = {
				ALWAYS_SEARCH_USER_PATHS = NO;
				CLANG_ANALYZER_NONNULL = YES;
				CLANG_ANALYZER_NUMBER_OBJECT_CONVERSION = YES_AGGRESSIVE;
				CLANG_CXX_LANGUAGE_STANDARD = "gnu++14";
				CLANG_CXX_LIBRARY = "libc++";
				CLANG_ENABLE_MODULES = YES;
				CLANG_ENABLE_OBJC_ARC = YES;
				CLANG_ENABLE_OBJC_WEAK = YES;
				CLANG_WARN_BLOCK_CAPTURE_AUTORELEASING = YES;
				CLANG_WARN_BOOL_CONVERSION = YES;
				CLANG_WARN_COMMA = YES;
				CLANG_WARN_CONSTANT_CONVERSION = YES;
				CLANG_WARN_DEPRECATED_OBJC_IMPLEMENTATIONS = YES;
				CLANG_WARN_DIRECT_OBJC_ISA_USAGE = YES_ERROR;
				CLANG_WARN_DOCUMENTATION_COMMENTS = YES;
				CLANG_WARN_EMPTY_BODY = YES;
				CLANG_WARN_ENUM_CONVERSION = YES;
				CLANG_WARN_INFINITE_RECURSION = YES;
				CLANG_WARN_INT_CONVERSION = YES;
				CLANG_WARN_NON_LITERAL_NULL_CONVERSION = YES;
				CLANG_WARN_OBJC_IMPLICIT_RETAIN_SELF = YES;
				CLANG_WARN_OBJC_LITERAL_CONVERSION = YES;
				CLANG_WARN_OBJC_ROOT_CLASS = YES_ERROR;
				CLANG_WARN_RANGE_LOOP_ANALYSIS = YES;
				CLANG_WARN_STRICT_PROTOTYPES = YES;
				CLANG_WARN_SUSPICIOUS_MOVE = YES;
				CLANG_WARN_UNGUARDED_AVAILABILITY = YES_AGGRESSIVE;
				CLANG_WARN_UNREACHABLE_CODE = YES;
				CLANG_WARN__DUPLICATE_METHOD_MATCH = YES;
				CODE_SIGN_IDENTITY = "iPhone Developer";
				COPY_PHASE_STRIP = NO;
				DEBUG_INFORMATION_FORMAT = dwarf;
				ENABLE_STRICT_OBJC_MSGSEND = YES;
				ENABLE_TESTABILITY = YES;
				GCC_C_LANGUAGE_STANDARD = gnu11;
				GCC_DYNAMIC_NO_PIC = NO;
				GCC_NO_COMMON_BLOCKS = YES;
				GCC_OPTIMIZATION_LEVEL = 0;
				GCC_PREPROCESSOR_DEFINITIONS = (
					"DEBUG=1",
					"$(inherited)",
				);
				GCC_WARN_64_TO_32_BIT_CONVERSION = YES;
				GCC_WARN_ABOUT_RETURN_TYPE = YES_ERROR;
				GCC_WARN_UNDECLARED_SELECTOR = YES;
				GCC_WARN_UNINITIALIZED_AUTOS = YES_AGGRESSIVE;
				GCC_WARN_UNUSED_FUNCTION = YES;
				GCC_WARN_UNUSED_VARIABLE = YES;
				IPHONEOS_DEPLOYMENT_TARGET = 12.1;
				MTL_ENABLE_DEBUG_INFO = INCLUDE_SOURCE;
				MTL_FAST_MATH = YES;
				ONLY_ACTIVE_ARCH = YES;
				SDKROOT = iphoneos;
				SWIFT_ACTIVE_COMPILATION_CONDITIONS = DEBUG;
				SWIFT_OPTIMIZATION_LEVEL = "-Onone";
			};
			name = Debug;
		};
		7AA2F56821E422770002331B /* Release */ = {
			isa = XCBuildConfiguration;
			buildSettings = {
				ALWAYS_SEARCH_USER_PATHS = NO;
				CLANG_ANALYZER_NONNULL = YES;
				CLANG_ANALYZER_NUMBER_OBJECT_CONVERSION = YES_AGGRESSIVE;
				CLANG_CXX_LANGUAGE_STANDARD = "gnu++14";
				CLANG_CXX_LIBRARY = "libc++";
				CLANG_ENABLE_MODULES = YES;
				CLANG_ENABLE_OBJC_ARC = YES;
				CLANG_ENABLE_OBJC_WEAK = YES;
				CLANG_WARN_BLOCK_CAPTURE_AUTORELEASING = YES;
				CLANG_WARN_BOOL_CONVERSION = YES;
				CLANG_WARN_COMMA = YES;
				CLANG_WARN_CONSTANT_CONVERSION = YES;
				CLANG_WARN_DEPRECATED_OBJC_IMPLEMENTATIONS = YES;
				CLANG_WARN_DIRECT_OBJC_ISA_USAGE = YES_ERROR;
				CLANG_WARN_DOCUMENTATION_COMMENTS = YES;
				CLANG_WARN_EMPTY_BODY = YES;
				CLANG_WARN_ENUM_CONVERSION = YES;
				CLANG_WARN_INFINITE_RECURSION = YES;
				CLANG_WARN_INT_CONVERSION = YES;
				CLANG_WARN_NON_LITERAL_NULL_CONVERSION = YES;
				CLANG_WARN_OBJC_IMPLICIT_RETAIN_SELF = YES;
				CLANG_WARN_OBJC_LITERAL_CONVERSION = YES;
				CLANG_WARN_OBJC_ROOT_CLASS = YES_ERROR;
				CLANG_WARN_RANGE_LOOP_ANALYSIS = YES;
				CLANG_WARN_STRICT_PROTOTYPES = YES;
				CLANG_WARN_SUSPICIOUS_MOVE = YES;
				CLANG_WARN_UNGUARDED_AVAILABILITY = YES_AGGRESSIVE;
				CLANG_WARN_UNREACHABLE_CODE = YES;
				CLANG_WARN__DUPLICATE_METHOD_MATCH = YES;
				CODE_SIGN_IDENTITY = "iPhone Developer";
				COPY_PHASE_STRIP = NO;
				DEBUG_INFORMATION_FORMAT = "dwarf-with-dsym";
				ENABLE_NS_ASSERTIONS = NO;
				ENABLE_STRICT_OBJC_MSGSEND = YES;
				GCC_C_LANGUAGE_STANDARD = gnu11;
				GCC_NO_COMMON_BLOCKS = YES;
				GCC_WARN_64_TO_32_BIT_CONVERSION = YES;
				GCC_WARN_ABOUT_RETURN_TYPE = YES_ERROR;
				GCC_WARN_UNDECLARED_SELECTOR = YES;
				GCC_WARN_UNINITIALIZED_AUTOS = YES_AGGRESSIVE;
				GCC_WARN_UNUSED_FUNCTION = YES;
				GCC_WARN_UNUSED_VARIABLE = YES;
				IPHONEOS_DEPLOYMENT_TARGET = 12.1;
				MTL_ENABLE_DEBUG_INFO = NO;
				MTL_FAST_MATH = YES;
				SDKROOT = iphoneos;
				SWIFT_COMPILATION_MODE = wholemodule;
				SWIFT_OPTIMIZATION_LEVEL = "-O";
				VALIDATE_PRODUCT = YES;
			};
			name = Release;
		};
		7AA2F56A21E422770002331B /* Debug */ = {
			isa = XCBuildConfiguration;
			buildSettings = {
				ASSETCATALOG_COMPILER_APPICON_NAME = AppIcon;
				CODE_SIGN_STYLE = Automatic;
				DEVELOPMENT_TEAM = E3QZ6M9437;
				INFOPLIST_FILE = Battle/Info.plist;
				LD_RUNPATH_SEARCH_PATHS = (
					"$(inherited)",
					"@executable_path/Frameworks",
				);
				PRODUCT_BUNDLE_IDENTIFIER = com.hodginsEric.Battle;
				PRODUCT_NAME = "$(TARGET_NAME)";
				SWIFT_VERSION = 4.2;
				TARGETED_DEVICE_FAMILY = "1,2";
			};
			name = Debug;
		};
		7AA2F56B21E422770002331B /* Release */ = {
			isa = XCBuildConfiguration;
			buildSettings = {
				ASSETCATALOG_COMPILER_APPICON_NAME = AppIcon;
				CODE_SIGN_STYLE = Automatic;
				DEVELOPMENT_TEAM = E3QZ6M9437;
				INFOPLIST_FILE = Battle/Info.plist;
				LD_RUNPATH_SEARCH_PATHS = (
					"$(inherited)",
					"@executable_path/Frameworks",
				);
				PRODUCT_BUNDLE_IDENTIFIER = com.hodginsEric.Battle;
				PRODUCT_NAME = "$(TARGET_NAME)";
				SWIFT_VERSION = 4.2;
				TARGETED_DEVICE_FAMILY = "1,2";
			};
			name = Release;
		};
		7AA2F56D21E422770002331B /* Debug */ = {
			isa = XCBuildConfiguration;
			buildSettings = {
				ALWAYS_EMBED_SWIFT_STANDARD_LIBRARIES = YES;
				BUNDLE_LOADER = "$(TEST_HOST)";
				CODE_SIGN_STYLE = Automatic;
				DEVELOPMENT_TEAM = E3QZ6M9437;
				INFOPLIST_FILE = BattleTests/Info.plist;
				LD_RUNPATH_SEARCH_PATHS = (
					"$(inherited)",
					"@executable_path/Frameworks",
					"@loader_path/Frameworks",
				);
				PRODUCT_BUNDLE_IDENTIFIER = com.hodginsEric.BattleTests;
				PRODUCT_NAME = "$(TARGET_NAME)";
				SWIFT_VERSION = 4.2;
				TARGETED_DEVICE_FAMILY = "1,2";
				TEST_HOST = "$(BUILT_PRODUCTS_DIR)/Battle.app/Battle";
			};
			name = Debug;
		};
		7AA2F56E21E422770002331B /* Release */ = {
			isa = XCBuildConfiguration;
			buildSettings = {
				ALWAYS_EMBED_SWIFT_STANDARD_LIBRARIES = YES;
				BUNDLE_LOADER = "$(TEST_HOST)";
				CODE_SIGN_STYLE = Automatic;
				DEVELOPMENT_TEAM = E3QZ6M9437;
				INFOPLIST_FILE = BattleTests/Info.plist;
				LD_RUNPATH_SEARCH_PATHS = (
					"$(inherited)",
					"@executable_path/Frameworks",
					"@loader_path/Frameworks",
				);
				PRODUCT_BUNDLE_IDENTIFIER = com.hodginsEric.BattleTests;
				PRODUCT_NAME = "$(TARGET_NAME)";
				SWIFT_VERSION = 4.2;
				TARGETED_DEVICE_FAMILY = "1,2";
				TEST_HOST = "$(BUILT_PRODUCTS_DIR)/Battle.app/Battle";
			};
			name = Release;
		};
/* End XCBuildConfiguration section */

/* Begin XCConfigurationList section */
		7AA2F54121E422580002331B /* Build configuration list for PBXProject "Battle" */ = {
			isa = XCConfigurationList;
			buildConfigurations = (
				7AA2F56721E422770002331B /* Debug */,
				7AA2F56821E422770002331B /* Release */,
			);
			defaultConfigurationIsVisible = 0;
			defaultConfigurationName = Release;
		};
		7AA2F56921E422770002331B /* Build configuration list for PBXNativeTarget "Battle" */ = {
			isa = XCConfigurationList;
			buildConfigurations = (
				7AA2F56A21E422770002331B /* Debug */,
				7AA2F56B21E422770002331B /* Release */,
			);
			defaultConfigurationIsVisible = 0;
			defaultConfigurationName = Release;
		};
		7AA2F56C21E422770002331B /* Build configuration list for PBXNativeTarget "BattleTests" */ = {
			isa = XCConfigurationList;
			buildConfigurations = (
				7AA2F56D21E422770002331B /* Debug */,
				7AA2F56E21E422770002331B /* Release */,
			);
			defaultConfigurationIsVisible = 0;
			defaultConfigurationName = Release;
		};
/* End XCConfigurationList section */
	};
	rootObject = 7AA2F53E21E422580002331B /* Project object */;
}
